
Microsoft Visual Studio Solution File, Format Version 12.00
# Visual Studio Version 16
VisualStudioVersion = 16.0.32106.194
MinimumVisualStudioVersion = 10.0.40219.1
Project("{FAE04EC0-301F-11D3-BF4B-00C04F79EFBC}") = "EducationManager.API", "EducationManager.API\EducationManager.API.csproj", "{94C50D92-95BB-4A6A-A9ED-63CE0CFCAF50}"
EndProject
Project("{FAE04EC0-301F-11D3-BF4B-00C04F79EFBC}") = "EducationManager.WebApp", "EducationManager.WebApp\EducationManager.WebApp.csproj", "{225E7503-23BC-4E00-AC31-6013DD917042}"
EndProject
Global
	GlobalSection(SolutionConfigurationPlatforms) = preSolution
		Debug|Any CPU = Debug|Any CPU
		Release|Any CPU = Release|Any CPU
	EndGlobalSection
	GlobalSection(ProjectConfigurationPlatforms) = postSolution
		{94C50D92-95BB-4A6A-A9ED-63CE0CFCAF50}.Debug|Any CPU.ActiveCfg = Debug|Any CPU
		{94C50D92-95BB-4A6A-A9ED-63CE0CFCAF50}.Debug|Any CPU.Build.0 = Debug|Any CPU
		{94C50D92-95BB-4A6A-A9ED-63CE0CFCAF50}.Release|Any CPU.ActiveCfg = Release|Any CPU
		{94C50D92-95BB-4A6A-A9ED-63CE0CFCAF50}.Release|Any CPU.Build.0 = Release|Any CPU
		{225E7503-23BC-4E00-AC31-6013DD917042}.Debug|Any CPU.ActiveCfg = Debug|Any CPU
		{225E7503-23BC-4E00-AC31-6013DD917042}.Debug|Any CPU.Build.0 = Debug|Any CPU
		{225E7503-23BC-4E00-AC31-6013DD917042}.Release|Any CPU.ActiveCfg = Release|Any CPU
		{225E7503-23BC-4E00-AC31-6013DD917042}.Release|Any CPU.Build.0 = Release|Any CPU
	EndGlobalSection
	GlobalSection(SolutionProperties) = preSolution
		HideSolutionNode = FALSE
	EndGlobalSection
	GlobalSection(ExtensibilityGlobals) = postSolution
		SolutionGuid = {356DA9EB-9249-4888-900F-F9B213C261A4}
	EndGlobalSection
EndGlobal
